
Microsoft Visual Studio Solution File, Format Version 12.00
# Visual Studio Version 17
VisualStudioVersion = 17.7.34009.444
MinimumVisualStudioVersion = 10.0.40219.1
Project("{9A19103F-16F7-4668-BE54-9A1E7A4F7556}") = "NightGlow", "NightGlow\NightGlow.csproj", "{8E4BBB59-4D6D-48CF-9E04-CB3D7CA97401}"
EndProject
Project("{FAE04EC0-301F-11D3-BF4B-00C04F79EFBC}") = "NightGlow.WindowsApi", "NightGlow.WindowsApi\NightGlow.WindowsApi.csproj", "{961F5C16-4446-40EC-9A72-1C352920335D}"
EndProject
Global
	GlobalSection(SolutionConfigurationPlatforms) = preSolution
		Debug|Any CPU = Debug|Any CPU
		Release|Any CPU = Release|Any CPU
	EndGlobalSection
	GlobalSection(ProjectConfigurationPlatforms) = postSolution
		{8E4BBB59-4D6D-48CF-9E04-CB3D7CA97401}.Debug|Any CPU.ActiveCfg = Debug|Any CPU
		{8E4BBB59-4D6D-48CF-9E04-CB3D7CA97401}.Debug|Any CPU.Build.0 = Debug|Any CPU
		{8E4BBB59-4D6D-48CF-9E04-CB3D7CA97401}.Release|Any CPU.ActiveCfg = Release|Any CPU
		{8E4BBB59-4D6D-48CF-9E04-CB3D7CA97401}.Release|Any CPU.Build.0 = Release|Any CPU
		{961F5C16-4446-40EC-9A72-1C352920335D}.Debug|Any CPU.ActiveCfg = Debug|Any CPU
		{961F5C16-4446-40EC-9A72-1C352920335D}.Debug|Any CPU.Build.0 = Debug|Any CPU
		{961F5C16-4446-40EC-9A72-1C352920335D}.Release|Any CPU.ActiveCfg = Release|Any CPU
		{961F5C16-4446-40EC-9A72-1C352920335D}.Release|Any CPU.Build.0 = Release|Any CPU
	EndGlobalSection
	GlobalSection(SolutionProperties) = preSolution
		HideSolutionNode = FALSE
	EndGlobalSection
	GlobalSection(ExtensibilityGlobals) = postSolution
		SolutionGuid = {30D77E3E-E551-43DD-9956-154EA707C076}
	EndGlobalSection
EndGlobal
